lockfileVersion: '9.0'

settings:
  autoInstallPeers: true
  excludeLinksFromLockfile: false

importers:

  .:
    dependencies:
      '@ionic/angular':
        specifier: ^8.7.2
        version: 8.7.2(@angular/core@20.1.6(rxjs@6.6.7)(zone.js@0.15.1))(@angular/forms@20.1.6(@angular/common@20.1.6(@angular/core@20.1.6(rxjs@6.6.7)(zone.js@0.15.1))(rxjs@6.6.7))(@angular/core@20.1.6(rxjs@6.6.7)(zone.js@0.15.1))(@angular/platform-browser@20.1.6(@angular/common@20.1.6(@angular/core@20.1.6(rxjs@6.6.7)(zone.js@0.15.1))(rxjs@6.6.7))(@angular/core@20.1.6(rxjs@6.6.7)(zone.js@0.15.1)))(rxjs@6.6.7))(@angular/router@20.1.6(@angular/common@20.1.6(@angular/core@20.1.6(rxjs@6.6.7)(zone.js@0.15.1))(rxjs@6.6.7))(@angular/core@20.1.6(rxjs@6.6.7)(zone.js@0.15.1))(@angular/platform-browser@20.1.6(@angular/common@20.1.6(@angular/core@20.1.6(rxjs@6.6.7)(zone.js@0.15.1))(rxjs@6.6.7))(@angular/core@20.1.6(rxjs@6.6.7)(zone.js@0.15.1)))(rxjs@6.6.7))(rxjs@6.6.7)(zone.js@0.15.1)

packages:

  '@angular/common@20.1.6':
    resolution: {integrity: sha512-VwV6u5y5NQg5u+Z5A50MCJNpxseny9Rv+csZe9zckH0ylqy9tLowbG6L7jrts36Ze2lwqRag0b+wB0TgrvaT0w==}
    engines: {node: ^20.19.0 || ^22.12.0 || >=24.0.0}
    peerDependencies:
      '@angular/core': 20.1.6
      rxjs: ^6.5.3 || ^7.4.0

  '@angular/core@20.1.6':
    resolution: {integrity: sha512-Nz62f9FNcvjOxUivi50YtmEfSdrS7xqpPDoN/jwLkT5VmFfIUFF77sabTF5KTWHCDbp420e2UON6uEblfiRfaw==}
    engines: {node: ^20.19.0 || ^22.12.0 || >=24.0.0}
    peerDependencies:
      '@angular/compiler': 20.1.6
      rxjs: ^6.5.3 || ^7.4.0
      zone.js: ~0.15.0
    peerDependenciesMeta:
      '@angular/compiler':
        optional: true
      zone.js:
        optional: true

  '@angular/forms@20.1.6':
    resolution: {integrity: sha512-9gLaiX8c2qOCu4jVukATCnSAANJuLKWGLZpZyLdJGHpZWM7ECf6hpsDKOq+AytqqYKWqZvjcI8AujUroU6aUtg==}
    engines: {node: ^20.19.0 || ^22.12.0 || >=24.0.0}
    peerDependencies:
      '@angular/common': 20.1.6
      '@angular/core': 20.1.6
      '@angular/platform-browser': 20.1.6
      rxjs: ^6.5.3 || ^7.4.0

  '@angular/platform-browser@20.1.6':
    resolution: {integrity: sha512-0FmqP1+JdzrT74JZLbf5IpC8nn0AeJ3Mk1IlXRVcK5olyh3SiEZIGBw89mYwmgP3gQqnjoakooTMA3wwy4Evxw==}
    engines: {node: ^20.19.0 || ^22.12.0 || >=24.0.0}
    peerDependencies:
      '@angular/animations': 20.1.6
      '@angular/common': 20.1.6
      '@angular/core': 20.1.6
    peerDependenciesMeta:
      '@angular/animations':
        optional: true

  '@angular/router@20.1.6':
    resolution: {integrity: sha512-42eB6UB/uZt5LqBK7sIGV+fnWPWgwlhZDCl7aujv0Tlwx1HgdLW7EbqMYs+2SIrezn4uj0hg+74oy1PL46V7MA==}
    engines: {node: ^20.19.0 || ^22.12.0 || >=24.0.0}
    peerDependencies:
      '@angular/common': 20.1.6
      '@angular/core': 20.1.6
      '@angular/platform-browser': 20.1.6
      rxjs: ^6.5.3 || ^7.4.0

  '@ionic/angular@8.7.2':
    resolution: {integrity: sha512-ggg1D/YeF1JcrRXBM4tMgWQ0BLAOQMLPzAp81j9WBguaoC/QkjSoUmHkz7qAeKzxhMRNv6rSYTCBc+rLcPFT5w==}
    peerDependencies:
      '@angular/core': '>=16.0.0'
      '@angular/forms': '>=16.0.0'
      '@angular/router': '>=16.0.0'
      rxjs: '>=7.5.0'
      zone.js: '>=0.13.0'

  '@ionic/core@8.7.2':
    resolution: {integrity: sha512-u1xTJHltvcwiHkwGowQ/uywiUmvszNeR4mXT5JSp1RH6npe8e9doIY9KSzKRrzpWu1T+H0bUwGbhaYg/I/poRA==}

  '@rollup/rollup-darwin-arm64@4.34.9':
    resolution: {integrity: sha512-0CY3/K54slrzLDjOA7TOjN1NuLKERBgk9nY5V34mhmuu673YNb+7ghaDUs6N0ujXR7fz5XaS5Aa6d2TNxZd0OQ==}
    cpu: [arm64]
    os: [darwin]

  '@rollup/rollup-darwin-x64@4.34.9':
    resolution: {integrity: sha512-eOojSEAi/acnsJVYRxnMkPFqcxSMFfrw7r2iD9Q32SGkb/Q9FpUY1UlAu1DH9T7j++gZ0lHjnm4OyH2vCI7l7Q==}
    cpu: [x64]
    os: [darwin]

  '@rollup/rollup-linux-arm64-gnu@4.34.9':
    resolution: {integrity: sha512-6TZjPHjKZUQKmVKMUowF3ewHxctrRR09eYyvT5eFv8w/fXarEra83A2mHTVJLA5xU91aCNOUnM+DWFMSbQ0Nxw==}
    cpu: [arm64]
    os: [linux]

  '@rollup/rollup-linux-arm64-musl@4.34.9':
    resolution: {integrity: sha512-LD2fytxZJZ6xzOKnMbIpgzFOuIKlxVOpiMAXawsAZ2mHBPEYOnLRK5TTEsID6z4eM23DuO88X0Tq1mErHMVq0A==}
    cpu: [arm64]
    os: [linux]

  '@rollup/rollup-linux-x64-gnu@4.34.9':
    resolution: {integrity: sha512-FwBHNSOjUTQLP4MG7y6rR6qbGw4MFeQnIBrMe161QGaQoBQLqSUEKlHIiVgF3g/mb3lxlxzJOpIBhaP+C+KP2A==}
    cpu: [x64]
    os: [linux]

  '@rollup/rollup-linux-x64-musl@4.34.9':
    resolution: {integrity: sha512-cYRpV4650z2I3/s6+5/LONkjIz8MBeqrk+vPXV10ORBnshpn8S32bPqQ2Utv39jCiDcO2eJTuSlPXpnvmaIgRA==}
    cpu: [x64]
    os: [linux]

  '@rollup/rollup-win32-arm64-msvc@4.34.9':
    resolution: {integrity: sha512-z4mQK9dAN6byRA/vsSgQiPeuO63wdiDxZ9yg9iyX2QTzKuQM7T4xlBoeUP/J8uiFkqxkcWndWi+W7bXdPbt27Q==}
    cpu: [arm64]
    os: [win32]

  '@rollup/rollup-win32-x64-msvc@4.34.9':
    resolution: {integrity: sha512-AyleYRPU7+rgkMWbEh71fQlrzRfeP6SyMnRf9XX4fCdDPAJumdSBqYEcWPMzVQ4ScAl7E4oFfK0GUVn77xSwbw==}
    cpu: [x64]
    os: [win32]

  '@stencil/core@4.36.2':
    resolution: {integrity: sha512-PRFSpxNzX9Oi0Wfh02asztN9Sgev/MacfZwmd+VVyE6ZxW+a/kEpAYZhzGAmE+/aKVOGYuug7R9SulanYGxiDQ==}
    engines: {node: '>=16.0.0', npm: '>=7.10.0'}
    hasBin: true

  ionicons@8.0.13:
    resolution: {integrity: sha512-2QQVyG2P4wszne79jemMjWYLp0DBbDhr4/yFroPCxvPP1wtMxgdIV3l5n+XZ5E9mgoXU79w7yTWpm2XzJsISxQ==}

  jsonc-parser@3.3.1:
    resolution: {integrity: sha512-HUgH65KyejrUFPvHFPbqOY0rsFip3Bo5wb4ngvdi1EpCYWUQDC5V+Y7mZws+DLkr4M//zQJoanu1SP+87Dv1oQ==}

  rxjs@6.6.7:
    resolution: {integrity: sha512-hTdwr+7yYNIT5n4AMYp85KA6yw2Va0FLa3Rguvbpa4W3I5xynaBZo41cM3XM+4Q6fRMj3sBYIR1VAmZMXYJvRQ==}
    engines: {npm: '>=2.0.0'}

  tslib@1.14.1:
    resolution: {integrity: sha512-Xni35NKzjgMrwevysHTCArtLDpPvye8zV/0E4EyYn43P7/7qvQwPh9BGkHewbMulVntbigmcT7rdX3BNo9wRJg==}

  tslib@2.8.1:
    resolution: {integrity: sha512-oJFu94HQb+KVduSUQL7wnpmqnfmLsOA/nAh6b6EH0wCEoK0/mPeXU6c3wKDV83MkOuHPRHtSXKKU99IBazS/2w==}

  zone.js@0.15.1:
    resolution: {integrity: sha512-XE96n56IQpJM7NAoXswY3XRLcWFW83xe0BiAOeMD7K5k5xecOeul3Qcpx6GqEeeHNkW5DWL5zOyTbEfB4eti8w==}

snapshots:

  '@angular/common@20.1.6(@angular/core@20.1.6(rxjs@6.6.7)(zone.js@0.15.1))(rxjs@6.6.7)':
    dependencies:
      '@angular/core': 20.1.6(rxjs@6.6.7)(zone.js@0.15.1)
      rxjs: 6.6.7
      tslib: 2.8.1

  '@angular/core@20.1.6(rxjs@6.6.7)(zone.js@0.15.1)':
    dependencies:
      rxjs: 6.6.7
      tslib: 2.8.1
    optionalDependencies:
      zone.js: 0.15.1

  '@angular/forms@20.1.6(@angular/common@20.1.6(@angular/core@20.1.6(rxjs@6.6.7)(zone.js@0.15.1))(rxjs@6.6.7))(@angular/core@20.1.6(rxjs@6.6.7)(zone.js@0.15.1))(@angular/platform-browser@20.1.6(@angular/common@20.1.6(@angular/core@20.1.6(rxjs@6.6.7)(zone.js@0.15.1))(rxjs@6.6.7))(@angular/core@20.1.6(rxjs@6.6.7)(zone.js@0.15.1)))(rxjs@6.6.7)':
    dependencies:
      '@angular/common': 20.1.6(@angular/core@20.1.6(rxjs@6.6.7)(zone.js@0.15.1))(rxjs@6.6.7)
      '@angular/core': 20.1.6(rxjs@6.6.7)(zone.js@0.15.1)
      '@angular/platform-browser': 20.1.6(@angular/common@20.1.6(@angular/core@20.1.6(rxjs@6.6.7)(zone.js@0.15.1))(rxjs@6.6.7))(@angular/core@20.1.6(rxjs@6.6.7)(zone.js@0.15.1))
      rxjs: 6.6.7
      tslib: 2.8.1

  '@angular/platform-browser@20.1.6(@angular/common@20.1.6(@angular/core@20.1.6(rxjs@6.6.7)(zone.js@0.15.1))(rxjs@6.6.7))(@angular/core@20.1.6(rxjs@6.6.7)(zone.js@0.15.1))':
    dependencies:
      '@angular/common': 20.1.6(@angular/core@20.1.6(rxjs@6.6.7)(zone.js@0.15.1))(rxjs@6.6.7)
      '@angular/core': 20.1.6(rxjs@6.6.7)(zone.js@0.15.1)
      tslib: 2.8.1

  '@angular/router@20.1.6(@angular/common@20.1.6(@angular/core@20.1.6(rxjs@6.6.7)(zone.js@0.15.1))(rxjs@6.6.7))(@angular/core@20.1.6(rxjs@6.6.7)(zone.js@0.15.1))(@angular/platform-browser@20.1.6(@angular/common@20.1.6(@angular/core@20.1.6(rxjs@6.6.7)(zone.js@0.15.1))(rxjs@6.6.7))(@angular/core@20.1.6(rxjs@6.6.7)(zone.js@0.15.1)))(rxjs@6.6.7)':
    dependencies:
      '@angular/common': 20.1.6(@angular/core@20.1.6(rxjs@6.6.7)(zone.js@0.15.1))(rxjs@6.6.7)
      '@angular/core': 20.1.6(rxjs@6.6.7)(zone.js@0.15.1)
      '@angular/platform-browser': 20.1.6(@angular/common@20.1.6(@angular/core@20.1.6(rxjs@6.6.7)(zone.js@0.15.1))(rxjs@6.6.7))(@angular/core@20.1.6(rxjs@6.6.7)(zone.js@0.15.1))
      rxjs: 6.6.7
      tslib: 2.8.1

  '@ionic/angular@8.7.2(@angular/core@20.1.6(rxjs@6.6.7)(zone.js@0.15.1))(@angular/forms@20.1.6(@angular/common@20.1.6(@angular/core@20.1.6(rxjs@6.6.7)(zone.js@0.15.1))(rxjs@6.6.7))(@angular/core@20.1.6(rxjs@6.6.7)(zone.js@0.15.1))(@angular/platform-browser@20.1.6(@angular/common@20.1.6(@angular/core@20.1.6(rxjs@6.6.7)(zone.js@0.15.1))(rxjs@6.6.7))(@angular/core@20.1.6(rxjs@6.6.7)(zone.js@0.15.1)))(rxjs@6.6.7))(@angular/router@20.1.6(@angular/common@20.1.6(@angular/core@20.1.6(rxjs@6.6.7)(zone.js@0.15.1))(rxjs@6.6.7))(@angular/core@20.1.6(rxjs@6.6.7)(zone.js@0.15.1))(@angular/platform-browser@20.1.6(@angular/common@20.1.6(@angular/core@20.1.6(rxjs@6.6.7)(zone.js@0.15.1))(rxjs@6.6.7))(@angular/core@20.1.6(rxjs@6.6.7)(zone.js@0.15.1)))(rxjs@6.6.7))(rxjs@6.6.7)(zone.js@0.15.1)':
    dependencies:
      '@angular/core': 20.1.6(rxjs@6.6.7)(zone.js@0.15.1)
      '@angular/forms': 20.1.6(@angular/common@20.1.6(@angular/core@20.1.6(rxjs@6.6.7)(zone.js@0.15.1))(rxjs@6.6.7))(@angular/core@20.1.6(rxjs@6.6.7)(zone.js@0.15.1))(@angular/platform-browser@20.1.6(@angular/common@20.1.6(@angular/core@20.1.6(rxjs@6.6.7)(zone.js@0.15.1))(rxjs@6.6.7))(@angular/core@20.1.6(rxjs@6.6.7)(zone.js@0.15.1)))(rxjs@6.6.7)
      '@angular/router': 20.1.6(@angular/common@20.1.6(@angular/core@20.1.6(rxjs@6.6.7)(zone.js@0.15.1))(rxjs@6.6.7))(@angular/core@20.1.6(rxjs@6.6.7)(zone.js@0.15.1))(@angular/platform-browser@20.1.6(@angular/common@20.1.6(@angular/core@20.1.6(rxjs@6.6.7)(zone.js@0.15.1))(rxjs@6.6.7))(@angular/core@20.1.6(rxjs@6.6.7)(zone.js@0.15.1)))(rxjs@6.6.7)
      '@ionic/core': 8.7.2
      ionicons: 8.0.13
      jsonc-parser: 3.3.1
      rxjs: 6.6.7
      tslib: 2.8.1
      zone.js: 0.15.1

  '@ionic/core@8.7.2':
    dependencies:
      '@stencil/core': 4.36.2
      ionicons: 8.0.13
      tslib: 2.8.1

  '@rollup/rollup-darwin-arm64@4.34.9':
    optional: true

  '@rollup/rollup-darwin-x64@4.34.9':
    optional: true

  '@rollup/rollup-linux-arm64-gnu@4.34.9':
    optional: true

  '@rollup/rollup-linux-arm64-musl@4.34.9':
    optional: true

  '@rollup/rollup-linux-x64-gnu@4.34.9':
    optional: true

  '@rollup/rollup-linux-x64-musl@4.34.9':
    optional: true

  '@rollup/rollup-win32-arm64-msvc@4.34.9':
    optional: true

  '@rollup/rollup-win32-x64-msvc@4.34.9':
    optional: true

  '@stencil/core@4.36.2':
    optionalDependencies:
      '@rollup/rollup-darwin-arm64': 4.34.9
      '@rollup/rollup-darwin-x64': 4.34.9
      '@rollup/rollup-linux-arm64-gnu': 4.34.9
      '@rollup/rollup-linux-arm64-musl': 4.34.9
      '@rollup/rollup-linux-x64-gnu': 4.34.9
      '@rollup/rollup-linux-x64-musl': 4.34.9
      '@rollup/rollup-win32-arm64-msvc': 4.34.9
      '@rollup/rollup-win32-x64-msvc': 4.34.9

  ionicons@8.0.13:
    dependencies:
      '@stencil/core': 4.36.2

  jsonc-parser@3.3.1: {}

  rxjs@6.6.7:
    dependencies:
      tslib: 1.14.1

  tslib@1.14.1: {}

  tslib@2.8.1: {}

  zone.js@0.15.1: {}
